
Microsoft Visual Studio Solution File, Format Version 12.00
# Visual Studio Version 16
VisualStudioVersion = 16.0.29306.81
MinimumVisualStudioVersion = 10.0.40219.1
Project("{9A19103F-16F7-4668-BE54-9A1E7A4F7556}") = "AgilityContXam", "AgilityContXam\AgilityContXam\AgilityContXam.csproj", "{2E9D352A-2548-4154-BB41-B77ED9249389}"
EndProject
Project("{FAE04EC0-301F-11D3-BF4B-00C04F79EFBC}") = "AgilityContXam.Android", "AgilityContXam\AgilityContXam.Android\AgilityContXam.Android.csproj", "{1A2C7E46-14A1-42B7-AB75-1A8B196E836F}"
EndProject
Project("{FAE04EC0-301F-11D3-BF4B-00C04F79EFBC}") = "AgilityContXam.iOS", "AgilityContXam\AgilityContXam.iOS\AgilityContXam.iOS.csproj", "{89F1E1EF-C27B-41A9-BA36-6BCC51F76FF4}"
EndProject
Project("{2150E333-8FDC-42A3-9474-1A3956D46DE8}") = "Lib", "Lib", "{7479BE35-3BF6-4CBF-B968-403C484DD6DE}"
EndProject
Project("{9A19103F-16F7-4668-BE54-9A1E7A4F7556}") = "PdfSharp.Xamarin.Forms", "Lib\PdfSharp.Xamarin.Forms\PdfSharp.Xamarin.Forms.csproj", "{4B68044F-ADA6-45AC-A778-18DFCDB14CB6}"
EndProject
Project("{FAE04EC0-301F-11D3-BF4B-00C04F79EFBC}") = "PdfSharp.Xamarin.Forms.Droid", "Lib\PdfSharp.Xamarin.Forms.Droid\PdfSharp.Xamarin.Forms.Droid.csproj", "{8C8EAA13-5824-462C-8149-D87DB8AFE587}"
EndProject
Project("{FAE04EC0-301F-11D3-BF4B-00C04F79EFBC}") = "PdfSharp.Xamarin.Forms.iOS", "Lib\PdfSharp.Xamarin.Forms.iOS\PdfSharp.Xamarin.Forms.iOS.csproj", "{E71F3053-056C-4381-9638-048ED73BDFF6}"
EndProject
Project("{9A19103F-16F7-4668-BE54-9A1E7A4F7556}") = "PdfSharpCore", "Lib\PdfSharpCore\PdfSharpCore.csproj", "{8841EDB2-661B-45FE-B8DF-8F02B60D8BF2}"
EndProject
Project("{9A19103F-16F7-4668-BE54-9A1E7A4F7556}") = "PdfSharpCore.Charting", "Lib\PdfSharpCore.Charting\PdfSharpCore.Charting.csproj", "{29AD32CC-9448-4CCC-9086-0118AF94A252}"
EndProject
Global
	GlobalSection(SolutionConfigurationPlatforms) = preSolution
		Ad-Hoc|Any CPU = Ad-Hoc|Any CPU
		Ad-Hoc|iPhone = Ad-Hoc|iPhone
		Ad-Hoc|iPhoneSimulator = Ad-Hoc|iPhoneSimulator
		AppStore|Any CPU = AppStore|Any CPU
		AppStore|iPhone = AppStore|iPhone
		AppStore|iPhoneSimulator = AppStore|iPhoneSimulator
		Debug|Any CPU = Debug|Any CPU
		Debug|iPhone = Debug|iPhone
		Debug|iPhoneSimulator = Debug|iPhoneSimulator
		Release|Any CPU = Release|Any CPU
		Release|iPhone = Release|iPhone
		Release|iPhoneSimulator = Release|iPhoneSimulator
	EndGlobalSection
	GlobalSection(ProjectConfigurationPlatforms) = postSolution
		{2E9D352A-2548-4154-BB41-B77ED9249389}.Ad-Hoc|Any CPU.ActiveCfg = Debug|Any CPU
		{2E9D352A-2548-4154-BB41-B77ED9249389}.Ad-Hoc|Any CPU.Build.0 = Debug|Any CPU
		{2E9D352A-2548-4154-BB41-B77ED9249389}.Ad-Hoc|iPhone.ActiveCfg = Debug|Any CPU
		{2E9D352A-2548-4154-BB41-B77ED9249389}.Ad-Hoc|iPhone.Build.0 = Debug|Any CPU
		{2E9D352A-2548-4154-BB41-B77ED9249389}.Ad-Hoc|iPhoneSimulator.ActiveCfg = Debug|Any CPU
		{2E9D352A-2548-4154-BB41-B77ED9249389}.Ad-Hoc|iPhoneSimulator.Build.0 = Debug|Any CPU
		{2E9D352A-2548-4154-BB41-B77ED9249389}.AppStore|Any CPU.ActiveCfg = Debug|Any CPU
		{2E9D352A-2548-4154-BB41-B77ED9249389}.AppStore|Any CPU.Build.0 = Debug|Any CPU
		{2E9D352A-2548-4154-BB41-B77ED9249389}.AppStore|iPhone.ActiveCfg = Debug|Any CPU
		{2E9D352A-2548-4154-BB41-B77ED9249389}.AppStore|iPhone.Build.0 = Debug|Any CPU
		{2E9D352A-2548-4154-BB41-B77ED9249389}.AppStore|iPhoneSimulator.ActiveCfg = Debug|Any CPU
		{2E9D352A-2548-4154-BB41-B77ED9249389}.AppStore|iPhoneSimulator.Build.0 = Debug|Any CPU
		{2E9D352A-2548-4154-BB41-B77ED9249389}.Debug|Any CPU.ActiveCfg = Debug|Any CPU
		{2E9D352A-2548-4154-BB41-B77ED9249389}.Debug|Any CPU.Build.0 = Debug|Any CPU
		{2E9D352A-2548-4154-BB41-B77ED9249389}.Debug|iPhone.ActiveCfg = Debug|Any CPU
		{2E9D352A-2548-4154-BB41-B77ED9249389}.Debug|iPhone.Build.0 = Debug|Any CPU
		{2E9D352A-2548-4154-BB41-B77ED9249389}.Debug|iPhoneSimulator.ActiveCfg = Debug|Any CPU
		{2E9D352A-2548-4154-BB41-B77ED9249389}.Debug|iPhoneSimulator.Build.0 = Debug|Any CPU
		{2E9D352A-2548-4154-BB41-B77ED9249389}.Release|Any CPU.ActiveCfg = Release|Any CPU
		{2E9D352A-2548-4154-BB41-B77ED9249389}.Release|Any CPU.Build.0 = Release|Any CPU
		{2E9D352A-2548-4154-BB41-B77ED9249389}.Release|iPhone.ActiveCfg = Release|Any CPU
		{2E9D352A-2548-4154-BB41-B77ED9249389}.Release|iPhone.Build.0 = Release|Any CPU
		{2E9D352A-2548-4154-BB41-B77ED9249389}.Release|iPhoneSimulator.ActiveCfg = Release|Any CPU
		{2E9D352A-2548-4154-BB41-B77ED9249389}.Release|iPhoneSimulator.Build.0 = Release|Any CPU
		{1A2C7E46-14A1-42B7-AB75-1A8B196E836F}.Ad-Hoc|Any CPU.ActiveCfg = Release|Any CPU
		{1A2C7E46-14A1-42B7-AB75-1A8B196E836F}.Ad-Hoc|Any CPU.Build.0 = Release|Any CPU
		{1A2C7E46-14A1-42B7-AB75-1A8B196E836F}.Ad-Hoc|Any CPU.Deploy.0 = Release|Any CPU
		{1A2C7E46-14A1-42B7-AB75-1A8B196E836F}.Ad-Hoc|iPhone.ActiveCfg = Release|Any CPU
		{1A2C7E46-14A1-42B7-AB75-1A8B196E836F}.Ad-Hoc|iPhone.Build.0 = Release|Any CPU
		{1A2C7E46-14A1-42B7-AB75-1A8B196E836F}.Ad-Hoc|iPhone.Deploy.0 = Release|Any CPU
		{1A2C7E46-14A1-42B7-AB75-1A8B196E836F}.Ad-Hoc|iPhoneSimulator.ActiveCfg = Release|Any CPU
		{1A2C7E46-14A1-42B7-AB75-1A8B196E836F}.Ad-Hoc|iPhoneSimulator.Build.0 = Release|Any CPU
		{1A2C7E46-14A1-42B7-AB75-1A8B196E836F}.Ad-Hoc|iPhoneSimulator.Deploy.0 = Release|Any CPU
		{1A2C7E46-14A1-42B7-AB75-1A8B196E836F}.AppStore|Any CPU.ActiveCfg = Release|Any CPU
		{1A2C7E46-14A1-42B7-AB75-1A8B196E836F}.AppStore|Any CPU.Build.0 = Release|Any CPU
		{1A2C7E46-14A1-42B7-AB75-1A8B196E836F}.AppStore|Any CPU.Deploy.0 = Release|Any CPU
		{1A2C7E46-14A1-42B7-AB75-1A8B196E836F}.AppStore|iPhone.ActiveCfg = Release|Any CPU
		{1A2C7E46-14A1-42B7-AB75-1A8B196E836F}.AppStore|iPhone.Build.0 = Release|Any CPU
		{1A2C7E46-14A1-42B7-AB75-1A8B196E836F}.AppStore|iPhone.Deploy.0 = Release|Any CPU
		{1A2C7E46-14A1-42B7-AB75-1A8B196E836F}.AppStore|iPhoneSimulator.ActiveCfg = Release|Any CPU
		{1A2C7E46-14A1-42B7-AB75-1A8B196E836F}.AppStore|iPhoneSimulator.Build.0 = Release|Any CPU
		{1A2C7E46-14A1-42B7-AB75-1A8B196E836F}.AppStore|iPhoneSimulator.Deploy.0 = Release|Any CPU
		{1A2C7E46-14A1-42B7-AB75-1A8B196E836F}.Debug|Any CPU.ActiveCfg = Debug|Any CPU
		{1A2C7E46-14A1-42B7-AB75-1A8B196E836F}.Debug|Any CPU.Build.0 = Debug|Any CPU
		{1A2C7E46-14A1-42B7-AB75-1A8B196E836F}.Debug|Any CPU.Deploy.0 = Debug|Any CPU
		{1A2C7E46-14A1-42B7-AB75-1A8B196E836F}.Debug|iPhone.ActiveCfg = Debug|Any CPU
		{1A2C7E46-14A1-42B7-AB75-1A8B196E836F}.Debug|iPhone.Build.0 = Debug|Any CPU
		{1A2C7E46-14A1-42B7-AB75-1A8B196E836F}.Debug|iPhone.Deploy.0 = Debug|Any CPU
		{1A2C7E46-14A1-42B7-AB75-1A8B196E836F}.Debug|iPhoneSimulator.ActiveCfg = Debug|Any CPU
		{1A2C7E46-14A1-42B7-AB75-1A8B196E836F}.Debug|iPhoneSimulator.Build.0 = Debug|Any CPU
		{1A2C7E46-14A1-42B7-AB75-1A8B196E836F}.Debug|iPhoneSimulator.Deploy.0 = Debug|Any CPU
		{1A2C7E46-14A1-42B7-AB75-1A8B196E836F}.Release|Any CPU.ActiveCfg = Release|Any CPU
		{1A2C7E46-14A1-42B7-AB75-1A8B196E836F}.Release|Any CPU.Build.0 = Release|Any CPU
		{1A2C7E46-14A1-42B7-AB75-1A8B196E836F}.Release|Any CPU.Deploy.0 = Release|Any CPU
		{1A2C7E46-14A1-42B7-AB75-1A8B196E836F}.Release|iPhone.ActiveCfg = Release|Any CPU
		{1A2C7E46-14A1-42B7-AB75-1A8B196E836F}.Release|iPhone.Build.0 = Release|Any CPU
		{1A2C7E46-14A1-42B7-AB75-1A8B196E836F}.Release|iPhone.Deploy.0 = Release|Any CPU
		{1A2C7E46-14A1-42B7-AB75-1A8B196E836F}.Release|iPhoneSimulator.ActiveCfg = Release|Any CPU
		{1A2C7E46-14A1-42B7-AB75-1A8B196E836F}.Release|iPhoneSimulator.Build.0 = Release|Any CPU
		{1A2C7E46-14A1-42B7-AB75-1A8B196E836F}.Release|iPhoneSimulator.Deploy.0 = Release|Any CPU
		{89F1E1EF-C27B-41A9-BA36-6BCC51F76FF4}.Ad-Hoc|Any CPU.ActiveCfg = Ad-Hoc|iPhone
		{89F1E1EF-C27B-41A9-BA36-6BCC51F76FF4}.Ad-Hoc|iPhone.ActiveCfg = Ad-Hoc|iPhone
		{89F1E1EF-C27B-41A9-BA36-6BCC51F76FF4}.Ad-Hoc|iPhone.Build.0 = Ad-Hoc|iPhone
		{89F1E1EF-C27B-41A9-BA36-6BCC51F76FF4}.Ad-Hoc|iPhoneSimulator.ActiveCfg = Ad-Hoc|iPhoneSimulator
		{89F1E1EF-C27B-41A9-BA36-6BCC51F76FF4}.Ad-Hoc|iPhoneSimulator.Build.0 = Ad-Hoc|iPhoneSimulator
		{89F1E1EF-C27B-41A9-BA36-6BCC51F76FF4}.AppStore|Any CPU.ActiveCfg = AppStore|iPhone
		{89F1E1EF-C27B-41A9-BA36-6BCC51F76FF4}.AppStore|iPhone.ActiveCfg = AppStore|iPhone
		{89F1E1EF-C27B-41A9-BA36-6BCC51F76FF4}.AppStore|iPhone.Build.0 = AppStore|iPhone
		{89F1E1EF-C27B-41A9-BA36-6BCC51F76FF4}.AppStore|iPhoneSimulator.ActiveCfg = AppStore|iPhoneSimulator
		{89F1E1EF-C27B-41A9-BA36-6BCC51F76FF4}.AppStore|iPhoneSimulator.Build.0 = AppStore|iPhoneSimulator
		{89F1E1EF-C27B-41A9-BA36-6BCC51F76FF4}.Debug|Any CPU.ActiveCfg = Debug|iPhone
		{89F1E1EF-C27B-41A9-BA36-6BCC51F76FF4}.Debug|iPhone.ActiveCfg = Debug|iPhone
		{89F1E1EF-C27B-41A9-BA36-6BCC51F76FF4}.Debug|iPhone.Build.0 = Debug|iPhone
		{89F1E1EF-C27B-41A9-BA36-6BCC51F76FF4}.Debug|iPhoneSimulator.ActiveCfg = Debug|iPhoneSimulator
		{89F1E1EF-C27B-41A9-BA36-6BCC51F76FF4}.Debug|iPhoneSimulator.Build.0 = Debug|iPhoneSimulator
		{89F1E1EF-C27B-41A9-BA36-6BCC51F76FF4}.Release|Any CPU.ActiveCfg = Release|iPhone
		{89F1E1EF-C27B-41A9-BA36-6BCC51F76FF4}.Release|iPhone.ActiveCfg = Release|iPhone
		{89F1E1EF-C27B-41A9-BA36-6BCC51F76FF4}.Release|iPhone.Build.0 = Release|iPhone
		{89F1E1EF-C27B-41A9-BA36-6BCC51F76FF4}.Release|iPhoneSimulator.ActiveCfg = Release|iPhoneSimulator
		{89F1E1EF-C27B-41A9-BA36-6BCC51F76FF4}.Release|iPhoneSimulator.Build.0 = Release|iPhoneSimulator
		{4B68044F-ADA6-45AC-A778-18DFCDB14CB6}.Ad-Hoc|Any CPU.ActiveCfg = Debug|Any CPU
		{4B68044F-ADA6-45AC-A778-18DFCDB14CB6}.Ad-Hoc|Any CPU.Build.0 = Debug|Any CPU
		{4B68044F-ADA6-45AC-A778-18DFCDB14CB6}.Ad-Hoc|iPhone.ActiveCfg = Debug|Any CPU
		{4B68044F-ADA6-45AC-A778-18DFCDB14CB6}.Ad-Hoc|iPhone.Build.0 = Debug|Any CPU
		{4B68044F-ADA6-45AC-A778-18DFCDB14CB6}.Ad-Hoc|iPhoneSimulator.ActiveCfg = Debug|Any CPU
		{4B68044F-ADA6-45AC-A778-18DFCDB14CB6}.Ad-Hoc|iPhoneSimulator.Build.0 = Debug|Any CPU
		{4B68044F-ADA6-45AC-A778-18DFCDB14CB6}.AppStore|Any CPU.ActiveCfg = Debug|Any CPU
		{4B68044F-ADA6-45AC-A778-18DFCDB14CB6}.AppStore|Any CPU.Build.0 = Debug|Any CPU
		{4B68044F-ADA6-45AC-A778-18DFCDB14CB6}.AppStore|iPhone.ActiveCfg = Debug|Any CPU
		{4B68044F-ADA6-45AC-A778-18DFCDB14CB6}.AppStore|iPhone.Build.0 = Debug|Any CPU
		{4B68044F-ADA6-45AC-A778-18DFCDB14CB6}.AppStore|iPhoneSimulator.ActiveCfg = Debug|Any CPU
		{4B68044F-ADA6-45AC-A778-18DFCDB14CB6}.AppStore|iPhoneSimulator.Build.0 = Debug|Any CPU
		{4B68044F-ADA6-45AC-A778-18DFCDB14CB6}.Debug|Any CPU.ActiveCfg = Debug|Any CPU
		{4B68044F-ADA6-45AC-A778-18DFCDB14CB6}.Debug|Any CPU.Build.0 = Debug|Any CPU
		{4B68044F-ADA6-45AC-A778-18DFCDB14CB6}.Debug|iPhone.ActiveCfg = Debug|Any CPU
		{4B68044F-ADA6-45AC-A778-18DFCDB14CB6}.Debug|iPhone.Build.0 = Debug|Any CPU
		{4B68044F-ADA6-45AC-A778-18DFCDB14CB6}.Debug|iPhoneSimulator.ActiveCfg = Debug|Any CPU
		{4B68044F-ADA6-45AC-A778-18DFCDB14CB6}.Debug|iPhoneSimulator.Build.0 = Debug|Any CPU
		{4B68044F-ADA6-45AC-A778-18DFCDB14CB6}.Release|Any CPU.ActiveCfg = Release|Any CPU
		{4B68044F-ADA6-45AC-A778-18DFCDB14CB6}.Release|Any CPU.Build.0 = Release|Any CPU
		{4B68044F-ADA6-45AC-A778-18DFCDB14CB6}.Release|iPhone.ActiveCfg = Release|Any CPU
		{4B68044F-ADA6-45AC-A778-18DFCDB14CB6}.Release|iPhone.Build.0 = Release|Any CPU
		{4B68044F-ADA6-45AC-A778-18DFCDB14CB6}.Release|iPhoneSimulator.ActiveCfg = Release|Any CPU
		{4B68044F-ADA6-45AC-A778-18DFCDB14CB6}.Release|iPhoneSimulator.Build.0 = Release|Any CPU
		{8C8EAA13-5824-462C-8149-D87DB8AFE587}.Ad-Hoc|Any CPU.ActiveCfg = Release|Any CPU
		{8C8EAA13-5824-462C-8149-D87DB8AFE587}.Ad-Hoc|Any CPU.Build.0 = Release|Any CPU
		{8C8EAA13-5824-462C-8149-D87DB8AFE587}.Ad-Hoc|iPhone.ActiveCfg = Release|Any CPU
		{8C8EAA13-5824-462C-8149-D87DB8AFE587}.Ad-Hoc|iPhone.Build.0 = Release|Any CPU
		{8C8EAA13-5824-462C-8149-D87DB8AFE587}.Ad-Hoc|iPhoneSimulator.ActiveCfg = Release|Any CPU
		{8C8EAA13-5824-462C-8149-D87DB8AFE587}.Ad-Hoc|iPhoneSimulator.Build.0 = Release|Any CPU
		{8C8EAA13-5824-462C-8149-D87DB8AFE587}.AppStore|Any CPU.ActiveCfg = Release|Any CPU
		{8C8EAA13-5824-462C-8149-D87DB8AFE587}.AppStore|Any CPU.Build.0 = Release|Any CPU
		{8C8EAA13-5824-462C-8149-D87DB8AFE587}.AppStore|iPhone.ActiveCfg = Release|Any CPU
		{8C8EAA13-5824-462C-8149-D87DB8AFE587}.AppStore|iPhone.Build.0 = Release|Any CPU
		{8C8EAA13-5824-462C-8149-D87DB8AFE587}.AppStore|iPhoneSimulator.ActiveCfg = Release|Any CPU
		{8C8EAA13-5824-462C-8149-D87DB8AFE587}.AppStore|iPhoneSimulator.Build.0 = Release|Any CPU
		{8C8EAA13-5824-462C-8149-D87DB8AFE587}.Debug|Any CPU.ActiveCfg = Debug|Any CPU
		{8C8EAA13-5824-462C-8149-D87DB8AFE587}.Debug|Any CPU.Build.0 = Debug|Any CPU
		{8C8EAA13-5824-462C-8149-D87DB8AFE587}.Debug|iPhone.ActiveCfg = Debug|Any CPU
		{8C8EAA13-5824-462C-8149-D87DB8AFE587}.Debug|iPhone.Build.0 = Debug|Any CPU
		{8C8EAA13-5824-462C-8149-D87DB8AFE587}.Debug|iPhoneSimulator.ActiveCfg = Debug|Any CPU
		{8C8EAA13-5824-462C-8149-D87DB8AFE587}.Debug|iPhoneSimulator.Build.0 = Debug|Any CPU
		{8C8EAA13-5824-462C-8149-D87DB8AFE587}.Release|Any CPU.ActiveCfg = Release|Any CPU
		{8C8EAA13-5824-462C-8149-D87DB8AFE587}.Release|Any CPU.Build.0 = Release|Any CPU
		{8C8EAA13-5824-462C-8149-D87DB8AFE587}.Release|iPhone.ActiveCfg = Release|Any CPU
		{8C8EAA13-5824-462C-8149-D87DB8AFE587}.Release|iPhone.Build.0 = Release|Any CPU
		{8C8EAA13-5824-462C-8149-D87DB8AFE587}.Release|iPhoneSimulator.ActiveCfg = Release|Any CPU
		{8C8EAA13-5824-462C-8149-D87DB8AFE587}.Release|iPhoneSimulator.Build.0 = Release|Any CPU
		{E71F3053-056C-4381-9638-048ED73BDFF6}.Ad-Hoc|Any CPU.ActiveCfg = Release|Any CPU
		{E71F3053-056C-4381-9638-048ED73BDFF6}.Ad-Hoc|Any CPU.Build.0 = Release|Any CPU
		{E71F3053-056C-4381-9638-048ED73BDFF6}.Ad-Hoc|iPhone.ActiveCfg = Release|Any CPU
		{E71F3053-056C-4381-9638-048ED73BDFF6}.Ad-Hoc|iPhone.Build.0 = Release|Any CPU
		{E71F3053-056C-4381-9638-048ED73BDFF6}.Ad-Hoc|iPhoneSimulator.ActiveCfg = Release|Any CPU
		{E71F3053-056C-4381-9638-048ED73BDFF6}.Ad-Hoc|iPhoneSimulator.Build.0 = Release|Any CPU
		{E71F3053-056C-4381-9638-048ED73BDFF6}.AppStore|Any CPU.ActiveCfg = Release|Any CPU
		{E71F3053-056C-4381-9638-048ED73BDFF6}.AppStore|Any CPU.Build.0 = Release|Any CPU
		{E71F3053-056C-4381-9638-048ED73BDFF6}.AppStore|iPhone.ActiveCfg = Release|Any CPU
		{E71F3053-056C-4381-9638-048ED73BDFF6}.AppStore|iPhone.Build.0 = Release|Any CPU
		{E71F3053-056C-4381-9638-048ED73BDFF6}.AppStore|iPhoneSimulator.ActiveCfg = Release|Any CPU
		{E71F3053-056C-4381-9638-048ED73BDFF6}.AppStore|iPhoneSimulator.Build.0 = Release|Any CPU
		{E71F3053-056C-4381-9638-048ED73BDFF6}.Debug|Any CPU.ActiveCfg = Debug|Any CPU
		{E71F3053-056C-4381-9638-048ED73BDFF6}.Debug|Any CPU.Build.0 = Debug|Any CPU
		{E71F3053-056C-4381-9638-048ED73BDFF6}.Debug|iPhone.ActiveCfg = Debug|Any CPU
		{E71F3053-056C-4381-9638-048ED73BDFF6}.Debug|iPhone.Build.0 = Debug|Any CPU
		{E71F3053-056C-4381-9638-048ED73BDFF6}.Debug|iPhoneSimulator.ActiveCfg = Debug|Any CPU
		{E71F3053-056C-4381-9638-048ED73BDFF6}.Debug|iPhoneSimulator.Build.0 = Debug|Any CPU
		{E71F3053-056C-4381-9638-048ED73BDFF6}.Release|Any CPU.ActiveCfg = Release|Any CPU
		{E71F3053-056C-4381-9638-048ED73BDFF6}.Release|Any CPU.Build.0 = Release|Any CPU
		{E71F3053-056C-4381-9638-048ED73BDFF6}.Release|iPhone.ActiveCfg = Release|Any CPU
		{E71F3053-056C-4381-9638-048ED73BDFF6}.Release|iPhone.Build.0 = Release|Any CPU
		{E71F3053-056C-4381-9638-048ED73BDFF6}.Release|iPhoneSimulator.ActiveCfg = Release|Any CPU
		{E71F3053-056C-4381-9638-048ED73BDFF6}.Release|iPhoneSimulator.Build.0 = Release|Any CPU
		{8841EDB2-661B-45FE-B8DF-8F02B60D8BF2}.Ad-Hoc|Any CPU.ActiveCfg = Debug|Any CPU
		{8841EDB2-661B-45FE-B8DF-8F02B60D8BF2}.Ad-Hoc|Any CPU.Build.0 = Debug|Any CPU
		{8841EDB2-661B-45FE-B8DF-8F02B60D8BF2}.Ad-Hoc|iPhone.ActiveCfg = Debug|Any CPU
		{8841EDB2-661B-45FE-B8DF-8F02B60D8BF2}.Ad-Hoc|iPhone.Build.0 = Debug|Any CPU
		{8841EDB2-661B-45FE-B8DF-8F02B60D8BF2}.Ad-Hoc|iPhoneSimulator.ActiveCfg = Debug|Any CPU
		{8841EDB2-661B-45FE-B8DF-8F02B60D8BF2}.Ad-Hoc|iPhoneSimulator.Build.0 = Debug|Any CPU
		{8841EDB2-661B-45FE-B8DF-8F02B60D8BF2}.AppStore|Any CPU.ActiveCfg = Debug|Any CPU
		{8841EDB2-661B-45FE-B8DF-8F02B60D8BF2}.AppStore|Any CPU.Build.0 = Debug|Any CPU
		{8841EDB2-661B-45FE-B8DF-8F02B60D8BF2}.AppStore|iPhone.ActiveCfg = Debug|Any CPU
		{8841EDB2-661B-45FE-B8DF-8F02B60D8BF2}.AppStore|iPhone.Build.0 = Debug|Any CPU
		{8841EDB2-661B-45FE-B8DF-8F02B60D8BF2}.AppStore|iPhoneSimulator.ActiveCfg = Debug|Any CPU
		{8841EDB2-661B-45FE-B8DF-8F02B60D8BF2}.AppStore|iPhoneSimulator.Build.0 = Debug|Any CPU
		{8841EDB2-661B-45FE-B8DF-8F02B60D8BF2}.Debug|Any CPU.ActiveCfg = Debug|Any CPU
		{8841EDB2-661B-45FE-B8DF-8F02B60D8BF2}.Debug|Any CPU.Build.0 = Debug|Any CPU
		{8841EDB2-661B-45FE-B8DF-8F02B60D8BF2}.Debug|iPhone.ActiveCfg = Debug|Any CPU
		{8841EDB2-661B-45FE-B8DF-8F02B60D8BF2}.Debug|iPhone.Build.0 = Debug|Any CPU
		{8841EDB2-661B-45FE-B8DF-8F02B60D8BF2}.Debug|iPhoneSimulator.ActiveCfg = Debug|Any CPU
		{8841EDB2-661B-45FE-B8DF-8F02B60D8BF2}.Debug|iPhoneSimulator.Build.0 = Debug|Any CPU
		{8841EDB2-661B-45FE-B8DF-8F02B60D8BF2}.Release|Any CPU.ActiveCfg = Release|Any CPU
		{8841EDB2-661B-45FE-B8DF-8F02B60D8BF2}.Release|Any CPU.Build.0 = Release|Any CPU
		{8841EDB2-661B-45FE-B8DF-8F02B60D8BF2}.Release|iPhone.ActiveCfg = Release|Any CPU
		{8841EDB2-661B-45FE-B8DF-8F02B60D8BF2}.Release|iPhone.Build.0 = Release|Any CPU
		{8841EDB2-661B-45FE-B8DF-8F02B60D8BF2}.Release|iPhoneSimulator.ActiveCfg = Release|Any CPU
		{8841EDB2-661B-45FE-B8DF-8F02B60D8BF2}.Release|iPhoneSimulator.Build.0 = Release|Any CPU
		{29AD32CC-9448-4CCC-9086-0118AF94A252}.Ad-Hoc|Any CPU.ActiveCfg = Debug|Any CPU
		{29AD32CC-9448-4CCC-9086-0118AF94A252}.Ad-Hoc|Any CPU.Build.0 = Debug|Any CPU
		{29AD32CC-9448-4CCC-9086-0118AF94A252}.Ad-Hoc|iPhone.ActiveCfg = Debug|Any CPU
		{29AD32CC-9448-4CCC-9086-0118AF94A252}.Ad-Hoc|iPhone.Build.0 = Debug|Any CPU
		{29AD32CC-9448-4CCC-9086-0118AF94A252}.Ad-Hoc|iPhoneSimulator.ActiveCfg = Debug|Any CPU
		{29AD32CC-9448-4CCC-9086-0118AF94A252}.Ad-Hoc|iPhoneSimulator.Build.0 = Debug|Any CPU
		{29AD32CC-9448-4CCC-9086-0118AF94A252}.AppStore|Any CPU.ActiveCfg = Debug|Any CPU
		{29AD32CC-9448-4CCC-9086-0118AF94A252}.AppStore|Any CPU.Build.0 = Debug|Any CPU
		{29AD32CC-9448-4CCC-9086-0118AF94A252}.AppStore|iPhone.ActiveCfg = Debug|Any CPU
		{29AD32CC-9448-4CCC-9086-0118AF94A252}.AppStore|iPhone.Build.0 = Debug|Any CPU
		{29AD32CC-9448-4CCC-9086-0118AF94A252}.AppStore|iPhoneSimulator.ActiveCfg = Debug|Any CPU
		{29AD32CC-9448-4CCC-9086-0118AF94A252}.AppStore|iPhoneSimulator.Build.0 = Debug|Any CPU
		{29AD32CC-9448-4CCC-9086-0118AF94A252}.Debug|Any CPU.ActiveCfg = Debug|Any CPU
		{29AD32CC-9448-4CCC-9086-0118AF94A252}.Debug|Any CPU.Build.0 = Debug|Any CPU
		{29AD32CC-9448-4CCC-9086-0118AF94A252}.Debug|iPhone.ActiveCfg = Debug|Any CPU
		{29AD32CC-9448-4CCC-9086-0118AF94A252}.Debug|iPhone.Build.0 = Debug|Any CPU
		{29AD32CC-9448-4CCC-9086-0118AF94A252}.Debug|iPhoneSimulator.ActiveCfg = Debug|Any CPU
		{29AD32CC-9448-4CCC-9086-0118AF94A252}.Debug|iPhoneSimulator.Build.0 = Debug|Any CPU
		{29AD32CC-9448-4CCC-9086-0118AF94A252}.Release|Any CPU.ActiveCfg = Release|Any CPU
		{29AD32CC-9448-4CCC-9086-0118AF94A252}.Release|Any CPU.Build.0 = Release|Any CPU
		{29AD32CC-9448-4CCC-9086-0118AF94A252}.Release|iPhone.ActiveCfg = Release|Any CPU
		{29AD32CC-9448-4CCC-9086-0118AF94A252}.Release|iPhone.Build.0 = Release|Any CPU
		{29AD32CC-9448-4CCC-9086-0118AF94A252}.Release|iPhoneSimulator.ActiveCfg = Release|Any CPU
		{29AD32CC-9448-4CCC-9086-0118AF94A252}.Release|iPhoneSimulator.Build.0 = Release|Any CPU
	EndGlobalSection
	GlobalSection(SolutionProperties) = preSolution
		HideSolutionNode = FALSE
	EndGlobalSection
	GlobalSection(NestedProjects) = preSolution
		{4B68044F-ADA6-45AC-A778-18DFCDB14CB6} = {7479BE35-3BF6-4CBF-B968-403C484DD6DE}
		{8C8EAA13-5824-462C-8149-D87DB8AFE587} = {7479BE35-3BF6-4CBF-B968-403C484DD6DE}
		{E71F3053-056C-4381-9638-048ED73BDFF6} = {7479BE35-3BF6-4CBF-B968-403C484DD6DE}
		{8841EDB2-661B-45FE-B8DF-8F02B60D8BF2} = {7479BE35-3BF6-4CBF-B968-403C484DD6DE}
		{29AD32CC-9448-4CCC-9086-0118AF94A252} = {7479BE35-3BF6-4CBF-B968-403C484DD6DE}
	EndGlobalSection
	GlobalSection(ExtensibilityGlobals) = postSolution
		SolutionGuid = {DADCF7C2-1CDD-476A-89B0-A2FEF2640085}
	EndGlobalSection
EndGlobal
